// !$*UTF8*$!
{
	archiveVersion = 1;
	classes = {
	};
	objectVersion = 56;
	objects = {

/* Begin PBXBuildFile section */
		383E7CC62B5DD35100B4263B /* EmojiArtApp.swift in Sources */ = {isa = PBXBuildFile; fileRef = 383E7CC52B5DD35100B4263B /* EmojiArtApp.swift */; };
		383E7CC82B5DD35100B4263B /* ContentView.swift in Sources */ = {isa = PBXBuildFile; fileRef = 383E7CC72B5DD35100B4263B /* ContentView.swift */; };
		383E7CCA2B5DD35400B4263B /* Assets.xcassets in Resources */ = {isa = PBXBuildFile; fileRef = 383E7CC92B5DD35400B4263B /* Assets.xcassets */; };
		383E7CCD2B5DD35400B4263B /* Preview Assets.xcassets in Resources */ = {isa = PBXBuildFile; fileRef = 383E7CCC2B5DD35400B4263B /* Preview Assets.xcassets */; };
		383E7CD72B5DD3BB00B4263B /* EmojiArt.swift in Sources */ = {isa = PBXBuildFile; fileRef = 383E7CD62B5DD3BB00B4263B /* EmojiArt.swift */; };
		383E7CD92B5DD63D00B4263B /* Palette.swift in Sources */ = {isa = PBXBuildFile; fileRef = 383E7CD82B5DD63D00B4263B /* Palette.swift */; };
		383E7CDB2B5DD78000B4263B /* EmojiArtDocument.swift in Sources */ = {isa = PBXBuildFile; fileRef = 383E7CDA2B5DD78000B4263B /* EmojiArtDocument.swift */; };
		383E7CE02B5DDA8100B4263B /* Extension.swift in Sources */ = {isa = PBXBuildFile; fileRef = 383E7CDF2B5DDA8100B4263B /* Extension.swift */; };
		383E7CE22B5DDE3F00B4263B /* EmojiArtDocumentView.swift in Sources */ = {isa = PBXBuildFile; fileRef = 383E7CE12B5DDE3F00B4263B /* EmojiArtDocumentView.swift */; };
		383E7CE42B5DE55600B4263B /* SturlData.swift in Sources */ = {isa = PBXBuildFile; fileRef = 383E7CE32B5DE55600B4263B /* SturlData.swift */; };
		386DCAED2B65BC2B00F1E7FF /* SnakeEffect.swift in Sources */ = {isa = PBXBuildFile; fileRef = 386DCAEC2B65BC2B00F1E7FF /* SnakeEffect.swift */; };
		389559742B5FD7C2002B9054 /* SelectEffect.swift in Sources */ = {isa = PBXBuildFile; fileRef = 389559732B5FD7C2002B9054 /* SelectEffect.swift */; };
		38EB2A2A2B5E90300090CD1D /* PaletteStore.swift in Sources */ = {isa = PBXBuildFile; fileRef = 38EB2A292B5E90300090CD1D /* PaletteStore.swift */; };
		38EB2A2C2B5E94C20090CD1D /* PaletteChooser.swift in Sources */ = {isa = PBXBuildFile; fileRef = 38EB2A2B2B5E94C20090CD1D /* PaletteChooser.swift */; };
/* End PBXBuildFile section */

/* Begin PBXFileReference section */
		383E7CC22B5DD35100B4263B /* EmojiArt.app */ = {isa = PBXFileReference; explicitFileType = wrapper.application; includeInIndex = 0; path = EmojiArt.app; sourceTree = BUILT_PRODUCTS_DIR; };
		383E7CC52B5DD35100B4263B /* EmojiArtApp.swift */ = {isa = PBXFileReference; lastKnownFileType = sourcecode.swift; path = EmojiArtApp.swift; sourceTree = "<group>"; };
		383E7CC72B5DD35100B4263B /* ContentView.swift */ = {isa = PBXFileReference; lastKnownFileType = sourcecode.swift; path = ContentView.swift; sourceTree = "<group>"; };
		383E7CC92B5DD35400B4263B /* Assets.xcassets */ = {isa = PBXFileReference; lastKnownFileType = folder.assetcatalog; path = Assets.xcassets; sourceTree = "<group>"; };
		383E7CCC2B5DD35400B4263B /* Preview Assets.xcassets */ = {isa = PBXFileReference; lastKnownFileType = folder.assetcatalog; path = "Preview Assets.xcassets"; sourceTree = "<group>"; };
		383E7CD62B5DD3BB00B4263B /* EmojiArt.swift */ = {isa = PBXFileReference; lastKnownFileType = sourcecode.swift; path = EmojiArt.swift; sourceTree = "<group>"; };
		383E7CD82B5DD63D00B4263B /* Palette.swift */ = {isa = PBXFileReference; lastKnownFileType = sourcecode.swift; path = Palette.swift; sourceTree = "<group>"; };
		383E7CDA2B5DD78000B4263B /* EmojiArtDocument.swift */ = {isa = PBXFileReference; lastKnownFileType = sourcecode.swift; path = EmojiArtDocument.swift; sourceTree = "<group>"; };
		383E7CDF2B5DDA8100B4263B /* Extension.swift */ = {isa = PBXFileReference; lastKnownFileType = sourcecode.swift; path = Extension.swift; sourceTree = "<group>"; };
		383E7CE12B5DDE3F00B4263B /* EmojiArtDocumentView.swift */ = {isa = PBXFileReference; lastKnownFileType = sourcecode.swift; path = EmojiArtDocumentView.swift; sourceTree = "<group>"; };
		383E7CE32B5DE55600B4263B /* SturlData.swift */ = {isa = PBXFileReference; lastKnownFileType = sourcecode.swift; path = SturlData.swift; sourceTree = "<group>"; };
		386DCAEC2B65BC2B00F1E7FF /* SnakeEffect.swift */ = {isa = PBXFileReference; lastKnownFileType = sourcecode.swift; path = SnakeEffect.swift; sourceTree = "<group>"; };
		389559732B5FD7C2002B9054 /* SelectEffect.swift */ = {isa = PBXFileReference; lastKnownFileType = sourcecode.swift; path = SelectEffect.swift; sourceTree = "<group>"; };
		38EB2A292B5E90300090CD1D /* PaletteStore.swift */ = {isa = PBXFileReference; lastKnownFileType = sourcecode.swift; path = PaletteStore.swift; sourceTree = "<group>"; };
		38EB2A2B2B5E94C20090CD1D /* PaletteChooser.swift */ = {isa = PBXFileReference; lastKnownFileType = sourcecode.swift; path = PaletteChooser.swift; sourceTree = "<group>"; };
/* End PBXFileReference section */

/* Begin PBXFrameworksBuildPhase section */
		383E7CBF2B5DD35100B4263B /* Frameworks */ = {
			isa = PBXFrameworksBuildPhase;
			buildActionMask = 2147483647;
			files = (
			);
			runOnlyForDeploymentPostprocessing = 0;
		};
/* End PBXFrameworksBuildPhase section */

/* Begin PBXGroup section */
		383E7CB92B5DD35100B4263B = {
			isa = PBXGroup;
			children = (
				383E7CC42B5DD35100B4263B /* EmojiArt */,
				383E7CC32B5DD35100B4263B /* Products */,
			);
			sourceTree = "<group>";
		};
		383E7CC32B5DD35100B4263B /* Products */ = {
			isa = PBXGroup;
			children = (
				383E7CC22B5DD35100B4263B /* EmojiArt.app */,
			);
			name = Products;
			sourceTree = "<group>";
		};
		383E7CC42B5DD35100B4263B /* EmojiArt */ = {
			isa = PBXGroup;
			children = (
				383E7CDE2B5DDA6900B4263B /* Helpers */,
				383E7CD52B5DD37D00B4263B /* ViewModels */,
				383E7CD42B5DD37400B4263B /* Models */,
				383E7CD32B5DD36600B4263B /* Views */,
				383E7CC52B5DD35100B4263B /* EmojiArtApp.swift */,
				383E7CC72B5DD35100B4263B /* ContentView.swift */,
				383E7CC92B5DD35400B4263B /* Assets.xcassets */,
				383E7CCB2B5DD35400B4263B /* Preview Content */,
			);
			path = EmojiArt;
			sourceTree = "<group>";
		};
		383E7CCB2B5DD35400B4263B /* Preview Content */ = {
			isa = PBXGroup;
			children = (
				383E7CCC2B5DD35400B4263B /* Preview Assets.xcassets */,
			);
			path = "Preview Content";
			sourceTree = "<group>";
		};
		383E7CD32B5DD36600B4263B /* Views */ = {
			isa = PBXGroup;
			children = (
				383E7CE12B5DDE3F00B4263B /* EmojiArtDocumentView.swift */,
				38EB2A2B2B5E94C20090CD1D /* PaletteChooser.swift */,
				389559732B5FD7C2002B9054 /* SelectEffect.swift */,
				386DCAEC2B65BC2B00F1E7FF /* SnakeEffect.swift */,
			);
			path = Views;
			sourceTree = "<group>";
		};
		383E7CD42B5DD37400B4263B /* Models */ = {
			isa = PBXGroup;
			children = (
				383E7CD62B5DD3BB00B4263B /* EmojiArt.swift */,
				383E7CD82B5DD63D00B4263B /* Palette.swift */,
			);
			path = Models;
			sourceTree = "<group>";
		};
		383E7CD52B5DD37D00B4263B /* ViewModels */ = {
			isa = PBXGroup;
			children = (
				383E7CDA2B5DD78000B4263B /* EmojiArtDocument.swift */,
				38EB2A292B5E90300090CD1D /* PaletteStore.swift */,
			);
			path = ViewModels;
			sourceTree = "<group>";
		};
		383E7CDE2B5DDA6900B4263B /* Helpers */ = {
			isa = PBXGroup;
			children = (
				383E7CDF2B5DDA8100B4263B /* Extension.swift */,
				383E7CE32B5DE55600B4263B /* SturlData.swift */,
			);
			path = Helpers;
			sourceTree = "<group>";
		};
/* End PBXGroup section */

/* Begin PBXNativeTarget section */
		383E7CC12B5DD35100B4263B /* EmojiArt */ = {
			isa = PBXNativeTarget;
			buildConfigurationList = 383E7CD02B5DD35400B4263B /* Build configuration list for PBXNativeTarget "EmojiArt" */;
			buildPhases = (
				383E7CBE2B5DD35100B4263B /* Sources */,
				383E7CBF2B5DD35100B4263B /* Frameworks */,
				383E7CC02B5DD35100B4263B /* Resources */,
			);
			buildRules = (
			);
			dependencies = (
			);
			name = EmojiArt;
			productName = EmojiArt;
			productReference = 383E7CC22B5DD35100B4263B /* EmojiArt.app */;
			productType = "com.apple.product-type.application";
		};
/* End PBXNativeTarget section */

/* Begin PBXProject section */
		383E7CBA2B5DD35100B4263B /* Project object */ = {
			isa = PBXProject;
			attributes = {
				BuildIndependentTargetsInParallel = 1;
				LastSwiftUpdateCheck = 1520;
				LastUpgradeCheck = 1520;
				TargetAttributes = {
					383E7CC12B5DD35100B4263B = {
						CreatedOnToolsVersion = 15.2;
					};
				};
			};
			buildConfigurationList = 383E7CBD2B5DD35100B4263B /* Build configuration list for PBXProject "EmojiArt" */;
			compatibilityVersion = "Xcode 14.0";
			developmentRegion = en;
			hasScannedForEncodings = 0;
			knownRegions = (
				en,
				Base,
			);
			mainGroup = 383E7CB92B5DD35100B4263B;
			productRefGroup = 383E7CC32B5DD35100B4263B /* Products */;
			projectDirPath = "";
			projectRoot = "";
			targets = (
				383E7CC12B5DD35100B4263B /* EmojiArt */,
			);
		};
/* End PBXProject section */

/* Begin PBXResourcesBuildPhase section */
		383E7CC02B5DD35100B4263B /* Resources */ = {
			isa = PBXResourcesBuildPhase;
			buildActionMask = 2147483647;
			files = (
				383E7CCD2B5DD35400B4263B /* Preview Assets.xcassets in Resources */,
				383E7CCA2B5DD35400B4263B /* Assets.xcassets in Resources */,
			);
			runOnlyForDeploymentPostprocessing = 0;
		};
/* End PBXResourcesBuildPhase section */

/* Begin PBXSourcesBuildPhase section */
		383E7CBE2B5DD35100B4263B /* Sources */ = {
			isa = PBXSourcesBuildPhase;
			buildActionMask = 2147483647;
			files = (
				383E7CD72B5DD3BB00B4263B /* EmojiArt.swift in Sources */,
				383E7CC82B5DD35100B4263B /* ContentView.swift in Sources */,
				383E7CDB2B5DD78000B4263B /* EmojiArtDocument.swift in Sources */,
				383E7CE02B5DDA8100B4263B /* Extension.swift in Sources */,
				38EB2A2A2B5E90300090CD1D /* PaletteStore.swift in Sources */,
				389559742B5FD7C2002B9054 /* SelectEffect.swift in Sources */,
				383E7CE22B5DDE3F00B4263B /* EmojiArtDocumentView.swift in Sources */,
				383E7CC62B5DD35100B4263B /* EmojiArtApp.swift in Sources */,
				383E7CE42B5DE55600B4263B /* SturlData.swift in Sources */,
				383E7CD92B5DD63D00B4263B /* Palette.swift in Sources */,
				38EB2A2C2B5E94C20090CD1D /* PaletteChooser.swift in Sources */,
				386DCAED2B65BC2B00F1E7FF /* SnakeEffect.swift in Sources */,
			);
			runOnlyForDeploymentPostprocessing = 0;
		};
/* End PBXSourcesBuildPhase section */

/* Begin XCBuildConfiguration section */
		383E7CCE2B5DD35400B4263B /* Debug */ = {
			isa = XCBuildConfiguration;
			buildSettings = {
				ALWAYS_SEARCH_USER_PATHS = NO;
				ASSETCATALOG_COMPILER_GENERATE_SWIFT_ASSET_SYMBOL_EXTENSIONS = YES;
				CLANG_ANALYZER_NONNULL = YES;
				CLANG_ANALYZER_NUMBER_OBJECT_CONVERSION = YES_AGGRESSIVE;
				CLANG_CXX_LANGUAGE_STANDARD = "gnu++20";
				CLANG_ENABLE_MODULES = YES;
				CLANG_ENABLE_OBJC_ARC = YES;
				CLANG_ENABLE_OBJC_WEAK = YES;
				CLANG_WARN_BLOCK_CAPTURE_AUTORELEASING = YES;
				CLANG_WARN_BOOL_CONVERSION = YES;
				CLANG_WARN_COMMA = YES;
				CLANG_WARN_CONSTANT_CONVERSION = YES;
				CLANG_WARN_DEPRECATED_OBJC_IMPLEMENTATIONS = YES;
				CLANG_WARN_DIRECT_OBJC_ISA_USAGE = YES_ERROR;
				CLANG_WARN_DOCUMENTATION_COMMENTS = YES;
				CLANG_WARN_EMPTY_BODY = YES;
				CLANG_WARN_ENUM_CONVERSION = YES;
				CLANG_WARN_INFINITE_RECURSION = YES;
				CLANG_WARN_INT_CONVERSION = YES;
				CLANG_WARN_NON_LITERAL_NULL_CONVERSION = YES;
				CLANG_WARN_OBJC_IMPLICIT_RETAIN_SELF = YES;
				CLANG_WARN_OBJC_LITERAL_CONVERSION = YES;
				CLANG_WARN_OBJC_ROOT_CLASS = YES_ERROR;
				CLANG_WARN_QUOTED_INCLUDE_IN_FRAMEWORK_HEADER = YES;
				CLANG_WARN_RANGE_LOOP_ANALYSIS = YES;
				CLANG_WARN_STRICT_PROTOTYPES = YES;
				CLANG_WARN_SUSPICIOUS_MOVE = YES;
				CLANG_WARN_UNGUARDED_AVAILABILITY = YES_AGGRESSIVE;
				CLANG_WARN_UNREACHABLE_CODE = YES;
				CLANG_WARN__DUPLICATE_METHOD_MATCH = YES;
				COPY_PHASE_STRIP = NO;
				DEBUG_INFORMATION_FORMAT = dwarf;
				ENABLE_STRICT_OBJC_MSGSEND = YES;
				ENABLE_TESTABILITY = YES;
				ENABLE_USER_SCRIPT_SANDBOXING = YES;
				GCC_C_LANGUAGE_STANDARD = gnu17;
				GCC_DYNAMIC_NO_PIC = NO;
				GCC_NO_COMMON_BLOCKS = YES;
				GCC_OPTIMIZATION_LEVEL = 0;
				GCC_PREPROCESSOR_DEFINITIONS = (
					"DEBUG=1",
					"$(inherited)",
				);
				GCC_WARN_64_TO_32_BIT_CONVERSION = YES;
				GCC_WARN_ABOUT_RETURN_TYPE = YES_ERROR;
				GCC_WARN_UNDECLARED_SELECTOR = YES;
				GCC_WARN_UNINITIALIZED_AUTOS = YES_AGGRESSIVE;
				GCC_WARN_UNUSED_FUNCTION = YES;
				GCC_WARN_UNUSED_VARIABLE = YES;
				IPHONEOS_DEPLOYMENT_TARGET = 17.2;
				LOCALIZATION_PREFERS_STRING_CATALOGS = YES;
				MTL_ENABLE_DEBUG_INFO = INCLUDE_SOURCE;
				MTL_FAST_MATH = YES;
				ONLY_ACTIVE_ARCH = YES;
				SDKROOT = iphoneos;
				SWIFT_ACTIVE_COMPILATION_CONDITIONS = "DEBUG $(inherited)";
				SWIFT_OPTIMIZATION_LEVEL = "-Onone";
			};
			name = Debug;
		};
		383E7CCF2B5DD35400B4263B /* Release */ = {
			isa = XCBuildConfiguration;
			buildSettings = {
				ALWAYS_SEARCH_USER_PATHS = NO;
				ASSETCATALOG_COMPILER_GENERATE_SWIFT_ASSET_SYMBOL_EXTENSIONS = YES;
				CLANG_ANALYZER_NONNULL = YES;
				CLANG_ANALYZER_NUMBER_OBJECT_CONVERSION = YES_AGGRESSIVE;
				CLANG_CXX_LANGUAGE_STANDARD = "gnu++20";
				CLANG_ENABLE_MODULES = YES;
				CLANG_ENABLE_OBJC_ARC = YES;
				CLANG_ENABLE_OBJC_WEAK = YES;
				CLANG_WARN_BLOCK_CAPTURE_AUTORELEASING = YES;
				CLANG_WARN_BOOL_CONVERSION = YES;
				CLANG_WARN_COMMA = YES;
				CLANG_WARN_CONSTANT_CONVERSION = YES;
				CLANG_WARN_DEPRECATED_OBJC_IMPLEMENTATIONS = YES;
				CLANG_WARN_DIRECT_OBJC_ISA_USAGE = YES_ERROR;
				CLANG_WARN_DOCUMENTATION_COMMENTS = YES;
				CLANG_WARN_EMPTY_BODY = YES;
				CLANG_WARN_ENUM_CONVERSION = YES;
				CLANG_WARN_INFINITE_RECURSION = YES;
				CLANG_WARN_INT_CONVERSION = YES;
				CLANG_WARN_NON_LITERAL_NULL_CONVERSION = YES;
				CLANG_WARN_OBJC_IMPLICIT_RETAIN_SELF = YES;
				CLANG_WARN_OBJC_LITERAL_CONVERSION = YES;
				CLANG_WARN_OBJC_ROOT_CLASS = YES_ERROR;
				CLANG_WARN_QUOTED_INCLUDE_IN_FRAMEWORK_HEADER = YES;
				CLANG_WARN_RANGE_LOOP_ANALYSIS = YES;
				CLANG_WARN_STRICT_PROTOTYPES = YES;
				CLANG_WARN_SUSPICIOUS_MOVE = YES;
				CLANG_WARN_UNGUARDED_AVAILABILITY = YES_AGGRESSIVE;
				CLANG_WARN_UNREACHABLE_CODE = YES;
				CLANG_WARN__DUPLICATE_METHOD_MATCH = YES;
				COPY_PHASE_STRIP = NO;
				DEBUG_INFORMATION_FORMAT = "dwarf-with-dsym";
				ENABLE_NS_ASSERTIONS = NO;
				ENABLE_STRICT_OBJC_MSGSEND = YES;
				ENABLE_USER_SCRIPT_SANDBOXING = YES;
				GCC_C_LANGUAGE_STANDARD = gnu17;
				GCC_NO_COMMON_BLOCKS = YES;
				GCC_WARN_64_TO_32_BIT_CONVERSION = YES;
				GCC_WARN_ABOUT_RETURN_TYPE = YES_ERROR;
				GCC_WARN_UNDECLARED_SELECTOR = YES;
				GCC_WARN_UNINITIALIZED_AUTOS = YES_AGGRESSIVE;
				GCC_WARN_UNUSED_FUNCTION = YES;
				GCC_WARN_UNUSED_VARIABLE = YES;
				IPHONEOS_DEPLOYMENT_TARGET = 17.2;
				LOCALIZATION_PREFERS_STRING_CATALOGS = YES;
				MTL_ENABLE_DEBUG_INFO = NO;
				MTL_FAST_MATH = YES;
				SDKROOT = iphoneos;
				SWIFT_COMPILATION_MODE = wholemodule;
				VALIDATE_PRODUCT = YES;
			};
			name = Release;
		};
		383E7CD12B5DD35400B4263B /* Debug */ = {
			isa = XCBuildConfiguration;
			buildSettings = {
				ASSETCATALOG_COMPILER_APPICON_NAME = AppIcon;
				ASSETCATALOG_COMPILER_GLOBAL_ACCENT_COLOR_NAME = AccentColor;
				CODE_SIGN_STYLE = Automatic;
				CURRENT_PROJECT_VERSION = 1;
				DEVELOPMENT_ASSET_PATHS = "\"EmojiArt/Preview Content\"";
				ENABLE_PREVIEWS = YES;
				GENERATE_INFOPLIST_FILE = YES;
				INFOPLIST_KEY_UIApplicationSceneManifest_Generation = YES;
				INFOPLIST_KEY_UIApplicationSupportsIndirectInputEvents = YES;
				INFOPLIST_KEY_UILaunchScreen_Generation = YES;
				INFOPLIST_KEY_UISupportedInterfaceOrientations_iPad = "UIInterfaceOrientationPortrait UIInterfaceOrientationPortraitUpsideDown UIInterfaceOrientationLandscapeLeft UIInterfaceOrientationLandscapeRight";
				INFOPLIST_KEY_UISupportedInterfaceOrientations_iPhone = "UIInterfaceOrientationPortrait UIInterfaceOrientationLandscapeLeft UIInterfaceOrientationLandscapeRight";
				LD_RUNPATH_SEARCH_PATHS = (
					"$(inherited)",
					"@executable_path/Frameworks",
				);
				MARKETING_VERSION = 1.0;
				PRODUCT_BUNDLE_IDENTIFIER = Vosik.EmojiArt;
				PRODUCT_NAME = "$(TARGET_NAME)";
				SWIFT_EMIT_LOC_STRINGS = YES;
				SWIFT_VERSION = 5.0;
				TARGETED_DEVICE_FAMILY = "1,2";
			};
			name = Debug;
		};
		383E7CD22B5DD35400B4263B /* Release */ = {
			isa = XCBuildConfiguration;
			buildSettings = {
				ASSETCATALOG_COMPILER_APPICON_NAME = AppIcon;
				ASSETCATALOG_COMPILER_GLOBAL_ACCENT_COLOR_NAME = AccentColor;
				CODE_SIGN_STYLE = Automatic;
				CURRENT_PROJECT_VERSION = 1;
				DEVELOPMENT_ASSET_PATHS = "\"EmojiArt/Preview Content\"";
				ENABLE_PREVIEWS = YES;
				GENERATE_INFOPLIST_FILE = YES;
				INFOPLIST_KEY_UIApplicationSceneManifest_Generation = YES;
				INFOPLIST_KEY_UIApplicationSupportsIndirectInputEvents = YES;
				INFOPLIST_KEY_UILaunchScreen_Generation = YES;
				INFOPLIST_KEY_UISupportedInterfaceOrientations_iPad = "UIInterfaceOrientationPortrait UIInterfaceOrientationPortraitUpsideDown UIInterfaceOrientationLandscapeLeft UIInterfaceOrientationLandscapeRight";
				INFOPLIST_KEY_UISupportedInterfaceOrientations_iPhone = "UIInterfaceOrientationPortrait UIInterfaceOrientationLandscapeLeft UIInterfaceOrientationLandscapeRight";
				LD_RUNPATH_SEARCH_PATHS = (
					"$(inherited)",
					"@executable_path/Frameworks",
				);
				MARKETING_VERSION = 1.0;
				PRODUCT_BUNDLE_IDENTIFIER = Vosik.EmojiArt;
				PRODUCT_NAME = "$(TARGET_NAME)";
				SWIFT_EMIT_LOC_STRINGS = YES;
				SWIFT_VERSION = 5.0;
				TARGETED_DEVICE_FAMILY = "1,2";
			};
			name = Release;
		};
/* End XCBuildConfiguration section */

/* Begin XCConfigurationList section */
		383E7CBD2B5DD35100B4263B /* Build configuration list for PBXProject "EmojiArt" */ = {
			isa = XCConfigurationList;
			buildConfigurations = (
				383E7CCE2B5DD35400B4263B /* Debug */,
				383E7CCF2B5DD35400B4263B /* Release */,
			);
			defaultConfigurationIsVisible = 0;
			defaultConfigurationName = Release;
		};
		383E7CD02B5DD35400B4263B /* Build configuration list for PBXNativeTarget "EmojiArt" */ = {
			isa = XCConfigurationList;
			buildConfigurations = (
				383E7CD12B5DD35400B4263B /* Debug */,
				383E7CD22B5DD35400B4263B /* Release */,
			);
			defaultConfigurationIsVisible = 0;
			defaultConfigurationName = Release;
		};
/* End XCConfigurationList section */
	};
	rootObject = 383E7CBA2B5DD35100B4263B /* Project object */;
}
